<?xml version="1.0" encoding="utf-8"?>
<Project ToolsVersion="16.0" xmlns="http://schemas.microsoft.com/developer/msbuild/2003">
  <ItemGroup>
    <ClCompile Include="C:\proga\OS\OSLab4\OSLab4\Receiver.cpp">
      <Filter>Source Files</Filter>
    </ClCompile>
  </ItemGroup>
  <ItemGroup>
    <CustomBuild Include="C:\proga\OS\OSLab4\OSLab4\CMakeLists.txt" />
  </ItemGroup>
  <ItemGroup>
    <Filter Include="Source Files">
      <UniqueIdentifier>{01814A7E-2295-3DDF-83FF-36DDF7DEA1B5}</UniqueIdentifier>
    </Filter>
  </ItemGroup>
</Project>
