
Microsoft Visual Studio Solution File, Format Version 12.00
# Visual Studio Version 16
Project("{8BC9CEB8-8B4A-11D0-8D11-00A0C91BC942}") = "ALL_BUILD", "ALL_BUILD.vcxproj", "{C56B9036-1AC6-3D9A-B9EA-B450826424C4}"
	ProjectSection(ProjectDependencies) = postProject
		{73D9EBAA-BFA3-33A6-BFBC-8462BA11B306} = {73D9EBAA-BFA3-33A6-BFBC-8462BA11B306}
		{0ED11DD0-6FAB-3193-AA86-013ACFC5E291} = {0ED11DD0-6FAB-3193-AA86-013ACFC5E291}
		{346397E9-7081-3B23-913F-89288A9BF617} = {346397E9-7081-3B23-913F-89288A9BF617}
	EndProjectSection
EndProject
Project("{8BC9CEB8-8B4A-11D0-8D11-00A0C91BC942}") = "ZERO_CHECK", "..\\ZERO_CHECK.vcxproj", "{73D9EBAA-BFA3-33A6-BFBC-8462BA11B306}"
	ProjectSection(ProjectDependencies) = postProject
	EndProjectSection
EndProject
Project("{8BC9CEB8-8B4A-11D0-8D11-00A0C91BC942}") = "receiver", "receiver.vcxproj", "{0ED11DD0-6FAB-3193-AA86-013ACFC5E291}"
	ProjectSection(ProjectDependencies) = postProject
		{73D9EBAA-BFA3-33A6-BFBC-8462BA11B306} = {73D9EBAA-BFA3-33A6-BFBC-8462BA11B306}
	EndProjectSection
EndProject
Project("{8BC9CEB8-8B4A-11D0-8D11-00A0C91BC942}") = "sender", "sender.vcxproj", "{346397E9-7081-3B23-913F-89288A9BF617}"
	ProjectSection(ProjectDependencies) = postProject
		{73D9EBAA-BFA3-33A6-BFBC-8462BA11B306} = {73D9EBAA-BFA3-33A6-BFBC-8462BA11B306}
	EndProjectSection
EndProject
Global
	GlobalSection(SolutionConfigurationPlatforms) = preSolution
		Debug|x64 = Debug|x64
		Release|x64 = Release|x64
		MinSizeRel|x64 = MinSizeRel|x64
		RelWithDebInfo|x64 = RelWithDebInfo|x64
	EndGlobalSection
	GlobalSection(ProjectConfigurationPlatforms) = postSolution
		{C56B9036-1AC6-3D9A-B9EA-B450826424C4}.Debug|x64.ActiveCfg = Debug|x64
		{C56B9036-1AC6-3D9A-B9EA-B450826424C4}.Release|x64.ActiveCfg = Release|x64
		{C56B9036-1AC6-3D9A-B9EA-B450826424C4}.MinSizeRel|x64.ActiveCfg = MinSizeRel|x64
		{C56B9036-1AC6-3D9A-B9EA-B450826424C4}.RelWithDebInfo|x64.ActiveCfg = RelWithDebInfo|x64
		{73D9EBAA-BFA3-33A6-BFBC-8462BA11B306}.Debug|x64.ActiveCfg = Debug|x64
		{73D9EBAA-BFA3-33A6-BFBC-8462BA11B306}.Debug|x64.Build.0 = Debug|x64
		{73D9EBAA-BFA3-33A6-BFBC-8462BA11B306}.Release|x64.ActiveCfg = Release|x64
		{73D9EBAA-BFA3-33A6-BFBC-8462BA11B306}.Release|x64.Build.0 = Release|x64
		{73D9EBAA-BFA3-33A6-BFBC-8462BA11B306}.MinSizeRel|x64.ActiveCfg = MinSizeRel|x64
		{73D9EBAA-BFA3-33A6-BFBC-8462BA11B306}.MinSizeRel|x64.Build.0 = MinSizeRel|x64
		{73D9EBAA-BFA3-33A6-BFBC-8462BA11B306}.RelWithDebInfo|x64.ActiveCfg = RelWithDebInfo|x64
		{73D9EBAA-BFA3-33A6-BFBC-8462BA11B306}.RelWithDebInfo|x64.Build.0 = RelWithDebInfo|x64
		{0ED11DD0-6FAB-3193-AA86-013ACFC5E291}.Debug|x64.ActiveCfg = Debug|x64
		{0ED11DD0-6FAB-3193-AA86-013ACFC5E291}.Debug|x64.Build.0 = Debug|x64
		{0ED11DD0-6FAB-3193-AA86-013ACFC5E291}.Release|x64.ActiveCfg = Release|x64
		{0ED11DD0-6FAB-3193-AA86-013ACFC5E291}.Release|x64.Build.0 = Release|x64
		{0ED11DD0-6FAB-3193-AA86-013ACFC5E291}.MinSizeRel|x64.ActiveCfg = MinSizeRel|x64
		{0ED11DD0-6FAB-3193-AA86-013ACFC5E291}.MinSizeRel|x64.Build.0 = MinSizeRel|x64
		{0ED11DD0-6FAB-3193-AA86-013ACFC5E291}.RelWithDebInfo|x64.ActiveCfg = RelWithDebInfo|x64
		{0ED11DD0-6FAB-3193-AA86-013ACFC5E291}.RelWithDebInfo|x64.Build.0 = RelWithDebInfo|x64
		{346397E9-7081-3B23-913F-89288A9BF617}.Debug|x64.ActiveCfg = Debug|x64
		{346397E9-7081-3B23-913F-89288A9BF617}.Debug|x64.Build.0 = Debug|x64
		{346397E9-7081-3B23-913F-89288A9BF617}.Release|x64.ActiveCfg = Release|x64
		{346397E9-7081-3B23-913F-89288A9BF617}.Release|x64.Build.0 = Release|x64
		{346397E9-7081-3B23-913F-89288A9BF617}.MinSizeRel|x64.ActiveCfg = MinSizeRel|x64
		{346397E9-7081-3B23-913F-89288A9BF617}.MinSizeRel|x64.Build.0 = MinSizeRel|x64
		{346397E9-7081-3B23-913F-89288A9BF617}.RelWithDebInfo|x64.ActiveCfg = RelWithDebInfo|x64
		{346397E9-7081-3B23-913F-89288A9BF617}.RelWithDebInfo|x64.Build.0 = RelWithDebInfo|x64
	EndGlobalSection
	GlobalSection(ExtensibilityGlobals) = postSolution
		SolutionGuid = {C77DAD5F-6F35-3E62-BAE5-1B2A61561D09}
	EndGlobalSection
	GlobalSection(ExtensibilityAddIns) = postSolution
	EndGlobalSection
EndGlobal
